
Microsoft Visual Studio Solution File, Format Version 12.00
# Visual Studio Version 17
VisualStudioVersion = 17.3.32825.248
MinimumVisualStudioVersion = 10.0.40219.1
Project("{FAE04EC0-301F-11D3-BF4B-00C04F79EFBC}") = "GrupinisProjektas", "AstuleProject\GrupinisProjektas.csproj", "{A80C85C7-F543-4D2C-855D-3E6F6F1585F2}"
EndProject
Global
	GlobalSection(SolutionConfigurationPlatforms) = preSolution
		Debug|Any CPU = Debug|Any CPU
		Release|Any CPU = Release|Any CPU
	EndGlobalSection
	GlobalSection(ProjectConfigurationPlatforms) = postSolution
		{A80C85C7-F543-4D2C-855D-3E6F6F1585F2}.Debug|Any CPU.ActiveCfg = Debug|Any CPU
		{A80C85C7-F543-4D2C-855D-3E6F6F1585F2}.Debug|Any CPU.Build.0 = Debug|Any CPU
		{A80C85C7-F543-4D2C-855D-3E6F6F1585F2}.Release|Any CPU.ActiveCfg = Release|Any CPU
		{A80C85C7-F543-4D2C-855D-3E6F6F1585F2}.Release|Any CPU.Build.0 = Release|Any CPU
	EndGlobalSection
	GlobalSection(SolutionProperties) = preSolution
		HideSolutionNode = FALSE
	EndGlobalSection
	GlobalSection(ExtensibilityGlobals) = postSolution
		SolutionGuid = {5DB41435-4D58-420C-BC86-AB15CF1B3F5A}
	EndGlobalSection
EndGlobal
